PODS:
  - AFNetworking (4.0.1):
    - AFNetworking/NSURLSession (= 4.0.1)
    - AFNetworking/Reachability (= 4.0.1)
    - AFNetworking/Security (= 4.0.1)
    - AFNetworking/Serialization (= 4.0.1)
    - AFNetworking/UIKit (= 4.0.1)
  - AFNetworking/NSURLSession (4.0.1):
    - AFNetworking/Reachability
    - AFNetworking/Security
    - AFNetworking/Serialization
  - AFNetworking/Reachability (4.0.1)
  - AFNetworking/Security (4.0.1)
  - AFNetworking/Serialization (4.0.1)
  - AFNetworking/UIKit (4.0.1):
    - AFNetworking/NSURLSession
  - MBProgressHUD (0.9.2)
  - SVProgressHUD (2.2.5)

DEPENDENCIES:
  - AFNetworking (~> 4.0.1)
  - MBProgressHUD (~> 0.9.2)
  - SVProgressHUD

SPEC REPOS:
  trunk:
    - AFNetworking
    - MBProgressHUD
    - SVProgressHUD

SPEC CHECKSUMS:
  AFNetworking: 7864c38297c79aaca1500c33288e429c3451fdce
  MBProgressHUD: 1569cf7ace17a8bac47aabfbb8580a49690386d1
  SVProgressHUD: 1428aafac632c1f86f62aa4243ec12008d7a51d6

PODFILE CHECKSUM: 03ddbb3ded41dc58f5ea9aada31a4504a3adacc0

COCOAPODS: 1.10.0.rc.1
